
Microsoft Visual Studio Solution File, Format Version 12.00
# Visual Studio Version 16
VisualStudioVersion = 16.0.31025.194
MinimumVisualStudioVersion = 10.0.40219.1
Project("{2150E333-8FDC-42A3-9474-1A3956D46DE8}") = "src", "src", "{A536E874-08F1-4C20-B33D-DD47A89555B6}"
EndProject
Project("{9A19103F-16F7-4668-BE54-9A1E7A4F7556}") = "SocialEventManager.API", "src\SocialEventManager.API\SocialEventManager.API.csproj", "{082CC4AB-A9D7-4789-A1F0-0281165979AC}"
EndProject
Project("{9A19103F-16F7-4668-BE54-9A1E7A4F7556}") = "SocialEventManager.BLL", "src\SocialEventManager.BLL\SocialEventManager.BLL.csproj", "{3003BB93-8C05-4171-A6E4-2BB22ACC54B3}"
EndProject
Project("{9A19103F-16F7-4668-BE54-9A1E7A4F7556}") = "SocialEventManager.DAL", "src\SocialEventManager.DLL\SocialEventManager.DAL.csproj", "{BE980493-0840-4E1E-824E-E7ACBB3575CC}"
EndProject
Project("{9A19103F-16F7-4668-BE54-9A1E7A4F7556}") = "SocialEventManager.Infrastructure", "src\SocialEventManager.Infrastructure\SocialEventManager.Infrastructure.csproj", "{20C3431B-8EC9-461D-B135-1ABB44E05354}"
EndProject
Project("{2150E333-8FDC-42A3-9474-1A3956D46DE8}") = "tests", "tests", "{888EC12A-0549-477C-B2B5-42F56164DE27}"
EndProject
Project("{9A19103F-16F7-4668-BE54-9A1E7A4F7556}") = "SocialEventManager.Tests", "tests\SocialEventManager.Tests\SocialEventManager.Tests.csproj", "{27FEFEBB-B724-4FA8-B30F-5542D96BBC48}"
EndProject
Project("{2150E333-8FDC-42A3-9474-1A3956D46DE8}") = "items", "items", "{9B0999CD-BE6D-4543-96FC-6AEEE589E60A}"
	ProjectSection(SolutionItems) = preProject
		.editorconfig = .editorconfig
		items\Analyzers.ruleset = items\Analyzers.ruleset
	EndProjectSection
EndProject
Project("{2150E333-8FDC-42A3-9474-1A3956D46DE8}") = "shared", "shared", "{1F2C2588-0906-41B1-BA6A-25F4A53BCCB2}"
EndProject
Project("{D954291E-2A0B-460D-934E-DC6B0785DB48}") = "SocialEventManager.Shared", "shared\SocialEventManager.Shared\SocialEventManager.Shared.shproj", "{584E0610-BF45-4502-AD01-95BC6A08CA6E}"
EndProject
Project("{E53339B2-1760-4266-BCC7-CA923CBCF16C}") = "docker-compose", "docker-compose.dcproj", "{4E9C0861-EB96-447B-9D8E-A45766DB1582}"
EndProject
Project("{2150E333-8FDC-42A3-9474-1A3956D46DE8}") = "sql", "sql", "{09CD0FA0-2A67-4FE4-AE7C-0D0A82298052}"
	ProjectSection(SolutionItems) = preProject
		items\sql\entrypoint.sh = items\sql\entrypoint.sh
		items\sql\InitializeDatabase.sql = items\sql\InitializeDatabase.sql
		items\sql\setup.sh = items\sql\setup.sh
		items\sql\sql.Dockerfile = items\sql\sql.Dockerfile
		items\sql\wait-for-it.sh = items\sql\wait-for-it.sh
	EndProjectSection
EndProject
Global
	GlobalSection(SharedMSBuildProjectFiles) = preSolution
		shared\SocialEventManager.Shared\SocialEventManager.Shared.projitems*{20c3431b-8ec9-461d-b135-1abb44e05354}*SharedItemsImports = 5
		shared\SocialEventManager.Shared\SocialEventManager.Shared.projitems*{584e0610-bf45-4502-ad01-95bc6a08ca6e}*SharedItemsImports = 13
	EndGlobalSection
	GlobalSection(SolutionConfigurationPlatforms) = preSolution
		Debug|Any CPU = Debug|Any CPU
		Release|Any CPU = Release|Any CPU
	EndGlobalSection
	GlobalSection(ProjectConfigurationPlatforms) = postSolution
		{082CC4AB-A9D7-4789-A1F0-0281165979AC}.Debug|Any CPU.ActiveCfg = Debug|Any CPU
		{082CC4AB-A9D7-4789-A1F0-0281165979AC}.Debug|Any CPU.Build.0 = Debug|Any CPU
		{082CC4AB-A9D7-4789-A1F0-0281165979AC}.Release|Any CPU.ActiveCfg = Release|Any CPU
		{082CC4AB-A9D7-4789-A1F0-0281165979AC}.Release|Any CPU.Build.0 = Release|Any CPU
		{3003BB93-8C05-4171-A6E4-2BB22ACC54B3}.Debug|Any CPU.ActiveCfg = Debug|Any CPU
		{3003BB93-8C05-4171-A6E4-2BB22ACC54B3}.Debug|Any CPU.Build.0 = Debug|Any CPU
		{3003BB93-8C05-4171-A6E4-2BB22ACC54B3}.Release|Any CPU.ActiveCfg = Release|Any CPU
		{3003BB93-8C05-4171-A6E4-2BB22ACC54B3}.Release|Any CPU.Build.0 = Release|Any CPU
		{BE980493-0840-4E1E-824E-E7ACBB3575CC}.Debug|Any CPU.ActiveCfg = Debug|Any CPU
		{BE980493-0840-4E1E-824E-E7ACBB3575CC}.Debug|Any CPU.Build.0 = Debug|Any CPU
		{BE980493-0840-4E1E-824E-E7ACBB3575CC}.Release|Any CPU.ActiveCfg = Release|Any CPU
		{BE980493-0840-4E1E-824E-E7ACBB3575CC}.Release|Any CPU.Build.0 = Release|Any CPU
		{20C3431B-8EC9-461D-B135-1ABB44E05354}.Debug|Any CPU.ActiveCfg = Debug|Any CPU
		{20C3431B-8EC9-461D-B135-1ABB44E05354}.Debug|Any CPU.Build.0 = Debug|Any CPU
		{20C3431B-8EC9-461D-B135-1ABB44E05354}.Release|Any CPU.ActiveCfg = Release|Any CPU
		{20C3431B-8EC9-461D-B135-1ABB44E05354}.Release|Any CPU.Build.0 = Release|Any CPU
		{27FEFEBB-B724-4FA8-B30F-5542D96BBC48}.Debug|Any CPU.ActiveCfg = Debug|Any CPU
		{27FEFEBB-B724-4FA8-B30F-5542D96BBC48}.Debug|Any CPU.Build.0 = Debug|Any CPU
		{27FEFEBB-B724-4FA8-B30F-5542D96BBC48}.Release|Any CPU.ActiveCfg = Release|Any CPU
		{27FEFEBB-B724-4FA8-B30F-5542D96BBC48}.Release|Any CPU.Build.0 = Release|Any CPU
		{4E9C0861-EB96-447B-9D8E-A45766DB1582}.Debug|Any CPU.ActiveCfg = Debug|Any CPU
		{4E9C0861-EB96-447B-9D8E-A45766DB1582}.Debug|Any CPU.Build.0 = Debug|Any CPU
		{4E9C0861-EB96-447B-9D8E-A45766DB1582}.Release|Any CPU.ActiveCfg = Release|Any CPU
		{4E9C0861-EB96-447B-9D8E-A45766DB1582}.Release|Any CPU.Build.0 = Release|Any CPU
	EndGlobalSection
	GlobalSection(SolutionProperties) = preSolution
		HideSolutionNode = FALSE
	EndGlobalSection
	GlobalSection(NestedProjects) = preSolution
		{082CC4AB-A9D7-4789-A1F0-0281165979AC} = {A536E874-08F1-4C20-B33D-DD47A89555B6}
		{3003BB93-8C05-4171-A6E4-2BB22ACC54B3} = {A536E874-08F1-4C20-B33D-DD47A89555B6}
		{BE980493-0840-4E1E-824E-E7ACBB3575CC} = {A536E874-08F1-4C20-B33D-DD47A89555B6}
		{20C3431B-8EC9-461D-B135-1ABB44E05354} = {A536E874-08F1-4C20-B33D-DD47A89555B6}
		{27FEFEBB-B724-4FA8-B30F-5542D96BBC48} = {888EC12A-0549-477C-B2B5-42F56164DE27}
		{584E0610-BF45-4502-AD01-95BC6A08CA6E} = {1F2C2588-0906-41B1-BA6A-25F4A53BCCB2}
		{09CD0FA0-2A67-4FE4-AE7C-0D0A82298052} = {9B0999CD-BE6D-4543-96FC-6AEEE589E60A}
	EndGlobalSection
	GlobalSection(ExtensibilityGlobals) = postSolution
		SolutionGuid = {857D7BD2-4EA0-42A4-8FC8-A30324D917CF}
	EndGlobalSection
EndGlobal
